github.com/vorteil/direktiv-apps v0.0.0-20210408015647-cb2c13e8061e h1:5EMzRWR1y2ozKhSRIASLLp8iCZg2QDtMXDtCNTqLBXA=
github.com/vorteil/direktiv-apps v0.0.0-20210408015647-cb2c13e8061e/go.mod h1:VNs8NmkIypVdwk5wc7G0lGYDSfKXL4yjH8Pt7aUYn/s=
github.com/vorteil/direktiv-apps v0.0.0-20210408021613-866df238def7 h1:eK5/IXxpS4y4LNp0tCUTSknT7iXZmxtGih59BXABNuQ=
github.com/vorteil/direktiv-apps v0.0.0-20210408021613-866df238def7/go.mod h1:VNs8NmkIypVdwk5wc7G0lGYDSfKXL4yjH8Pt7aUYn/s=
github.com/vorteil/direktiv-apps v0.0.0-20210408025424-a69d41f61428 h1:hCIr5AKRjLylwC/H/lJlVnVdB4oJmb92b9rHgZVSkCs=
github.com/vorteil/direktiv-apps v0.0.0-20210408025424-a69d41f61428/go.mod h1:VNs8NmkIypVdwk5wc7G0lGYDSfKXL4yjH8Pt7aUYn/s=
github.com/vorteil/direktiv-apps v0.0.0-20210408025453-bf40617bf32a h1:YVEbgerV9bz4OBUznA/2jUTR5dp2GhcXV2qpzZgEs2g=
github.com/vorteil/direktiv-apps v0.0.0-20210408025453-bf40617bf32a/go.mod h1:VNs8NmkIypVdwk5wc7G0lGYDSfKXL4yjH8Pt7aUYn/s=
github.com/vorteil/direktiv-apps v0.0.0-20210408031041-3442505a3984 h1:gAPwhLVb8adqIUKPU8WY2LK8PJFkQP7u91iqB+R24Fw=
github.com/vorteil/direktiv-apps v0.0.0-20210408031041-3442505a3984/go.mod h1:VNs8NmkIypVdwk5wc7G0lGYDSfKXL4yjH8Pt7aUYn/s=
github.com/vorteil/direktiv-apps v0.0.0-20210505003421-237943983f47 h1:Q7I8muQmlDu6I1npJUfoshEvFIDPtyjq5URUQOakJKw=
github.com/vorteil/direktiv-apps v0.0.0-20210505003421-237943983f47/go.mod h1:VNs8NmkIypVdwk5wc7G0lGYDSfKXL4yjH8Pt7aUYn/s=
golang.org/x/net v0.0.0-20210614182718-04defd469f4e h1:XpT3nA5TvE525Ne3hInMh6+GETgn27Zfm9dxsThnX2Q=
golang.org/x/net v0.0.0-20210614182718-04defd469f4e/go.mod h1:9nx3DQGgdP8bBQD5qxJ1jj9UTztislL4KSBs9R2vV5Y=
golang.org/x/sys v0.0.0-20201119102817-f84b799fce68/go.mod h1:h1NjWce9XRLGQEsW7wpKNCjG9DtNlClVuFLEZdDNbEs=
golang.org/x/sys v0.0.0-20210423082822-04245dca01da/go.mod h1:h1NjWce9XRLGQEsW7wpKNCjG9DtNlClVuFLEZdDNbEs=
golang.org/x/term v0.0.0-20201126162022-7de9c90e9dd1/go.mod h1:bj7SfCRtBDWHUb9snDiAeCFNEtKQo2Wmx5Cou7ajbmo=
golang.org/x/text v0.3.6/go.mod h1:5Zoc/QRtKVWzQhOtBMvqHzDpF6irO9z98xDceosuGiQ=
golang.org/x/tools v0.0.0-20180917221912-90fa682c2a6e/go.mod h1:n7NCudcB/nEzxVGmLbDWY5pfWTLqBcC2KZ6jyYvM4mQ=
