github.com/vorteil/direktiv-apps v0.0.0-20210408015647-cb2c13e8061e h1:5EMzRWR1y2ozKhSRIASLLp8iCZg2QDtMXDtCNTqLBXA=
github.com/vorteil/direktiv-apps v0.0.0-20210408015647-cb2c13e8061e/go.mod h1:VNs8NmkIypVdwk5wc7G0lGYDSfKXL4yjH8Pt7aUYn/s=
github.com/vorteil/direktiv-apps v0.0.0-20210408021613-866df238def7 h1:eK5/IXxpS4y4LNp0tCUTSknT7iXZmxtGih59BXABNuQ=
github.com/vorteil/direktiv-apps v0.0.0-20210408021613-866df238def7/go.mod h1:VNs8NmkIypVdwk5wc7G0lGYDSfKXL4yjH8Pt7aUYn/s=
