github.com/gorilla/mux v1.8.0 h1:i40aqfkR1h2SlN9hojwV5ZA91wcXFOvkdNIeFDP5koI=
github.com/gorilla/mux v1.8.0/go.mod h1:DVbg23sWSpFRCP0SfiEN6jmj59UnW/n46BH5rLB71So=
github.com/direktiv/direktiv-apps/pkg v0.0.0-20210714024133-9fa0ffd994fc h1:AMq5wgA5V8KAz1/T0kNYejmhZQLDBuB4K3Si5mCNmb4=
github.com/direktiv/direktiv-apps/pkg v0.0.0-20210714024133-9fa0ffd994fc/go.mod h1:VChd1dPyFTsapvTek20mvTGx8uda62ZL5lJTlJc+NbI=
