github.com/direktiv/direktiv-apps/pkg v0.0.0-20211101220616-f962c28e6465 h1:vKXxi8eswV3nzpP784qO2BsI28hnoA7Rlu/RvfXFrlM=
github.com/direktiv/direktiv-apps/pkg v0.0.0-20211101220616-f962c28e6465/go.mod h1:+fJQXv09OvZkT9IgRA0QKP4BTCIKG6HOzcEvz3P3yc0=
github.com/elastic/go-elasticsearch/v8 v8.0.0-20211029144209-b121d5c06a2f h1:3GEoejioZwWLAq3wItCDDOiZm6dX88KpqASjBg6Nz08=
github.com/elastic/go-elasticsearch/v8 v8.0.0-20211029144209-b121d5c06a2f/go.mod h1:xe9a/L2aeOgFKKgrO3ibQTnMdpAeL0GC+5/HpGScSa4=
github.com/gorilla/mux v1.8.0 h1:i40aqfkR1h2SlN9hojwV5ZA91wcXFOvkdNIeFDP5koI=
github.com/gorilla/mux v1.8.0/go.mod h1:DVbg23sWSpFRCP0SfiEN6jmj59UnW/n46BH5rLB71So=
