github.com/elastic/go-elasticsearch v0.0.0 h1:Pd5fqOuBxKxv83b0+xOAJDAkziWYwFinWnBO0y+TZaA=
github.com/elastic/go-elasticsearch/v8 v8.0.0-20210317102009-a9d74cec0186 h1:F07rUXGNyhzJZKXI08EI/eAURqzhDqoRSdb//R+BOx4=
github.com/elastic/go-elasticsearch/v8 v8.0.0-20210317102009-a9d74cec0186/go.mod h1:xe9a/L2aeOgFKKgrO3ibQTnMdpAeL0GC+5/HpGScSa4=
github.com/vorteil/direktiv-apps v0.0.0-20210407012510-d974d90005d5 h1:9ghSZrI3m/RTJ4asPxVem5OQAaibal88rp646yCB+fY=
github.com/vorteil/direktiv-apps v0.0.0-20210407012510-d974d90005d5/go.mod h1:VNs8NmkIypVdwk5wc7G0lGYDSfKXL4yjH8Pt7aUYn/s=
