github.com/BurntSushi/graphics-go v0.0.0-20160129215708-b43f31a4a966 h1:lTG4HQym5oPKjL7nGs+csTgiDna685ZXjxijkne828g=
github.com/BurntSushi/graphics-go v0.0.0-20160129215708-b43f31a4a966/go.mod h1:Mid70uvE93zn9wgF92A/r5ixgnvX8Lh68fxp9KQBaI0=
github.com/direktiv/direktiv-apps/pkg v0.0.0-20211101220616-f962c28e6465 h1:vKXxi8eswV3nzpP784qO2BsI28hnoA7Rlu/RvfXFrlM=
github.com/direktiv/direktiv-apps/pkg v0.0.0-20211101220616-f962c28e6465/go.mod h1:+fJQXv09OvZkT9IgRA0QKP4BTCIKG6HOzcEvz3P3yc0=
github.com/gorilla/mux v1.8.0 h1:i40aqfkR1h2SlN9hojwV5ZA91wcXFOvkdNIeFDP5koI=
github.com/gorilla/mux v1.8.0/go.mod h1:DVbg23sWSpFRCP0SfiEN6jmj59UnW/n46BH5rLB71So=
