github.com/direktiv/direktiv-apps/pkg v0.0.0-20211028221037-a49bf7be71d0 h1:U0cFGc0Ap3DPc7dIIqoLK/G0AznGoKmRpP7wF2Jjfi8=
github.com/direktiv/direktiv-apps/pkg v0.0.0-20211028221037-a49bf7be71d0/go.mod h1:+fJQXv09OvZkT9IgRA0QKP4BTCIKG6HOzcEvz3P3yc0=
github.com/gorilla/mux v1.8.0 h1:i40aqfkR1h2SlN9hojwV5ZA91wcXFOvkdNIeFDP5koI=
github.com/gorilla/mux v1.8.0/go.mod h1:DVbg23sWSpFRCP0SfiEN6jmj59UnW/n46BH5rLB71So=
