github.com/michaelbironneau/asbclient v0.0.0-20190125194550-9c3367d7460e h1:yaT6hafZgA0JUuMPe9xTQusE4e8g/iXCgEyf2hZtMZs=
github.com/michaelbironneau/asbclient v0.0.0-20190125194550-9c3367d7460e/go.mod h1:UGdBWZbNrt4AwsnJhkfJqN1TzzSC9ZkvW0JPKYRdmzI=
github.com/direktiv/direktiv-apps v0.0.0-20210408034809-a0a8f93fbec9 h1:4FMWbZa1idV7Fsqm6PVTQS+999nHHC4T/Tvf5ykQbw0=
github.com/direktiv/direktiv-apps v0.0.0-20210408034809-a0a8f93fbec9/go.mod h1:VNs8NmkIypVdwk5wc7G0lGYDSfKXL4yjH8Pt7aUYn/s=
