github.com/bhendo/go-powershell v0.0.0-20190719160123-219e7fb4e41e h1:KCjb01YiNoRaJ5c+SbnPLWjVzU9vqRYHg3e5JcN50nM=
github.com/bhendo/go-powershell v0.0.0-20190719160123-219e7fb4e41e/go.mod h1:f7vw6ObmmNcyFQLhZX9eUGBJGpnwTJFDvVjqZxIxHWY=
github.com/juju/errors v0.0.0-20200330140219-3fe23663418f h1:MCOvExGLpaSIzLYB4iQXEHP4jYVU6vmzLNQPdMVrxnM=
github.com/juju/errors v0.0.0-20200330140219-3fe23663418f/go.mod h1:W54LbzXuIE0boCoNJfwqpmkKJ1O4TCTZMetAt6jGk7Q=
github.com/mattn/go-shellwords v1.0.12 h1:M2zGm7EW6UQJvDeQxo4T51eKPurbeFbe8WtebGE2xrk=
github.com/mattn/go-shellwords v1.0.12/go.mod h1:EZzvwXDESEeg03EKmM+RmDnNOPKG4lLtQsUlTZDWQ8Y=
